
Microsoft Visual Studio Solution File, Format Version 12.00
# Visual Studio Version 17
VisualStudioVersion = 17.6.33712.159
MinimumVisualStudioVersion = 10.0.40219.1
Project("{FAE04EC0-301F-11D3-BF4B-00C04F79EFBC}") = "FileManager", "FileManager.csproj", "{511667C4-5D11-4EC8-BCF4-75CFD76996F4}"
EndProject
Global
	GlobalSection(SolutionConfigurationPlatforms) = preSolution
		Debug|Any CPU = Debug|Any CPU
		Release|Any CPU = Release|Any CPU
	EndGlobalSection
	GlobalSection(ProjectConfigurationPlatforms) = postSolution
		{511667C4-5D11-4EC8-BCF4-75CFD76996F4}.Debug|Any CPU.ActiveCfg = Debug|Any CPU
		{511667C4-5D11-4EC8-BCF4-75CFD76996F4}.Debug|Any CPU.Build.0 = Debug|Any CPU
		{511667C4-5D11-4EC8-BCF4-75CFD76996F4}.Release|Any CPU.ActiveCfg = Release|Any CPU
		{511667C4-5D11-4EC8-BCF4-75CFD76996F4}.Release|Any CPU.Build.0 = Release|Any CPU
	EndGlobalSection
	GlobalSection(SolutionProperties) = preSolution
		HideSolutionNode = FALSE
	EndGlobalSection
	GlobalSection(ExtensibilityGlobals) = postSolution
		SolutionGuid = {475546AA-A039-4FB9-833D-D35030BE278C}
	EndGlobalSection
EndGlobal
